
Microsoft Visual Studio Solution File, Format Version 11.00
# Visual Studio 2010
Project("{FAE04EC0-301F-11D3-BF4B-00C04F79EFBC}") = "DS.Web.UCenter", "src\DS.Web.UCenter\DS.Web.UCenter.csproj", "{50E9578D-EF71-4E28-9BC3-D61E7E26C391}"
EndProject
Global
	GlobalSection(SolutionConfigurationPlatforms) = preSolution
		Debug|Any CPU = Debug|Any CPU
		Release|Any CPU = Release|Any CPU
	EndGlobalSection
	GlobalSection(ProjectConfigurationPlatforms) = postSolution
		{50E9578D-EF71-4E28-9BC3-D61E7E26C391}.Debug|Any CPU.ActiveCfg = Debug|Any CPU
		{50E9578D-EF71-4E28-9BC3-D61E7E26C391}.Debug|Any CPU.Build.0 = Debug|Any CPU
		{50E9578D-EF71-4E28-9BC3-D61E7E26C391}.Release|Any CPU.ActiveCfg = Release|Any CPU
		{50E9578D-EF71-4E28-9BC3-D61E7E26C391}.Release|Any CPU.Build.0 = Release|Any CPU
	EndGlobalSection
	GlobalSection(SolutionProperties) = preSolution
		HideSolutionNode = FALSE
	EndGlobalSection
EndGlobal
